
Microsoft Visual Studio Solution File, Format Version 12.00
# Visual Studio Version 17
VisualStudioVersion = 17.4.33205.214
MinimumVisualStudioVersion = 10.0.40219.1
Project("{FAE04EC0-301F-11D3-BF4B-00C04F79EFBC}") = "Assignment_4", "Assignment_4\Assignment_4.csproj", "{EE0AF57B-0EB6-438E-BD55-E13CCAFA49CA}"
EndProject
Project("{FAE04EC0-301F-11D3-BF4B-00C04F79EFBC}") = "BookTrain", "BookTrain\BookTrain.csproj", "{84D65A5E-47DA-4A5F-83A6-09FB2F19B52F}"
EndProject
Project("{FAE04EC0-301F-11D3-BF4B-00C04F79EFBC}") = "cessionDemo", "cessionDemo\cessionDemo.csproj", "{6306B542-34AE-4F85-9E8F-0B4C6FFAC270}"
EndProject
Global
	GlobalSection(SolutionConfigurationPlatforms) = preSolution
		Debug|Any CPU = Debug|Any CPU
		Release|Any CPU = Release|Any CPU
	EndGlobalSection
	GlobalSection(ProjectConfigurationPlatforms) = postSolution
		{EE0AF57B-0EB6-438E-BD55-E13CCAFA49CA}.Debug|Any CPU.ActiveCfg = Debug|Any CPU
		{EE0AF57B-0EB6-438E-BD55-E13CCAFA49CA}.Debug|Any CPU.Build.0 = Debug|Any CPU
		{EE0AF57B-0EB6-438E-BD55-E13CCAFA49CA}.Release|Any CPU.ActiveCfg = Release|Any CPU
		{EE0AF57B-0EB6-438E-BD55-E13CCAFA49CA}.Release|Any CPU.Build.0 = Release|Any CPU
		{84D65A5E-47DA-4A5F-83A6-09FB2F19B52F}.Debug|Any CPU.ActiveCfg = Debug|Any CPU
		{84D65A5E-47DA-4A5F-83A6-09FB2F19B52F}.Debug|Any CPU.Build.0 = Debug|Any CPU
		{84D65A5E-47DA-4A5F-83A6-09FB2F19B52F}.Release|Any CPU.ActiveCfg = Release|Any CPU
		{84D65A5E-47DA-4A5F-83A6-09FB2F19B52F}.Release|Any CPU.Build.0 = Release|Any CPU
		{6306B542-34AE-4F85-9E8F-0B4C6FFAC270}.Debug|Any CPU.ActiveCfg = Debug|Any CPU
		{6306B542-34AE-4F85-9E8F-0B4C6FFAC270}.Debug|Any CPU.Build.0 = Debug|Any CPU
		{6306B542-34AE-4F85-9E8F-0B4C6FFAC270}.Release|Any CPU.ActiveCfg = Release|Any CPU
		{6306B542-34AE-4F85-9E8F-0B4C6FFAC270}.Release|Any CPU.Build.0 = Release|Any CPU
	EndGlobalSection
	GlobalSection(SolutionProperties) = preSolution
		HideSolutionNode = FALSE
	EndGlobalSection
	GlobalSection(ExtensibilityGlobals) = postSolution
		SolutionGuid = {561BA764-F47A-4B30-A1C3-92B1CE2634A1}
	EndGlobalSection
EndGlobal
